# This file is autogenerated, do not edit; changes may be undone by the next 'dep ensure'.


[[projects]]
  branch = "master"
  digest = "1:be8511fbdf669eb267e4ba4f964b9c380ec3b95b8931ee3e89ce22ae01418b4b"
  name = "github.com/AndreasBriese/bbloom"
  packages = ["."]
  pruneopts = ""
  revision = "343706a395b76e5ca5c7dca46a5d937b48febc74"

[[projects]]
  digest = "1:f82b8ac36058904227087141017bb82f4b0fc58272990a4cdae3e2d6d222644e"
  name = "github.com/StackExchange/wmi"
  packages = ["."]
  pruneopts = ""
  revision = "5d049714c4a64225c3c79a7cf7d02f7fb5b96338"
  version = "1.0.0"

[[projects]]
  branch = "master"
  digest = "1:a313376bcbcce8ae8bddb8089a7293e0473a0f8e9e3710d6244e09e81875ccf0"
  name = "github.com/aristanetworks/goarista"
  packages = ["monotime"]
  pruneopts = ""
  revision = "ff33da284e760fcdb03c33d37a719e5ed30ba844"

[[projects]]
  branch = "master"
  digest = "1:c6bf1ac7bbc0fe51637bf54d5a88ff79b171b3b42dbc665dec98303c862d8662"
  name = "github.com/btcsuite/btcd"
  packages = ["btcec"]
  pruneopts = ""
  revision = "cff30e1d23fc9e800b2b5b4b41ef1817dda07e9f"

[[projects]]
  branch = "master"
  digest = "1:41b8a0a92b6925572db8269b8dbaf10098195952068771ad1bf0ffa89c0b0071"
  name = "github.com/cevaris/ordered_map"
  packages = ["."]
  pruneopts = ""
  revision = "0efaee1733e3399a3cb88fc7d2ce340bf2e863d7"

[[projects]]
  digest = "1:0deddd908b6b4b768cfc272c16ee61e7088a60f7fe2f06c547bd3d8e1f8b8e77"
  name = "github.com/davecgh/go-spew"
  packages = ["spew"]
  pruneopts = ""
  revision = "8991bc29aa16c548c550c7ff78260e27b9ab7c73"
  version = "v1.1.1"

[[projects]]
  digest = "1:aaeffbff5bd24654cb4c190ed75d6c7b57b4f5d6741914c1a7a6bb7447e756c5"
  name = "github.com/deckarep/golang-set"
  packages = ["."]
  pruneopts = ""
  revision = "cbaa98ba5575e67703b32b4b19f73c91f3c4159e"

[[projects]]
  digest = "1:81d49e94365e7f1ed77edddf9a5482ab4ced461dab56fbf8fc2834da6c295de5"
  name = "github.com/dgraph-io/badger"
  packages = [
    ".",
    "options",
    "protos",
    "skl",
    "table",
    "y",
  ]
  pruneopts = ""
  revision = "99233d725dbdd26d156c61b2f42ae1671b794656"
  version = "v1.5.4"

[[projects]]
  branch = "master"
  digest = "1:2407d73d2349c9dd9d7b2c9fafcee9412444cb6cb261ee47ebb751b2a5507976"
  name = "github.com/dgryski/go-farm"
  packages = ["."]
  pruneopts = ""
  revision = "2de33835d10275975374b37b2dcfd22c9020a1f5"

[[projects]]
  branch = "master"
  digest = "1:4c4a331124d70560f6da77d5088c10215e28a4b7fc1ee81eb4bc8400c86761cc"
  name = "github.com/edsrzf/mmap-go"
  packages = ["."]
  pruneopts = ""
  revision = "0bce6a6887123b67a60366d2c9fe2dfb74289d2e"

[[projects]]
  digest = "1:800731fdb13b30411baab9bc2beb6a2e8779590f203728efaf25d6a5d8646a8a"
  name = "github.com/elastic/gosigar"
  packages = [
    ".",
    "sys/windows",
  ]
  pruneopts = ""
  revision = "237dff72b4ba95da2cd985f96a9c0ede4aefc760"
  version = "v0.9.0"

[[projects]]
  digest = "1:8acdd83e35b407d026e546bf4d18cc778e9604433d03d468eccca62b9c51c718"
  name = "github.com/ethereum/go-ethereum"
  packages = [
    ".",
    "accounts",
    "accounts/abi",
    "accounts/abi/bind",
    "accounts/keystore",
    "accounts/usbwallet",
    "accounts/usbwallet/internal/trezor",
    "cmd/utils",
    "common",
    "common/bitutil",
    "common/fdlimit",
    "common/hexutil",
    "common/math",
    "common/mclock",
    "common/prque",
    "consensus",
    "consensus/clique",
    "consensus/ethash",
    "consensus/misc",
    "core",
    "core/bloombits",
    "core/rawdb",
    "core/state",
    "core/types",
    "core/vm",
    "crypto",
    "crypto/bn256",
    "crypto/bn256/cloudflare",
    "crypto/bn256/google",
    "crypto/ecies",
    "crypto/secp256k1",
    "crypto/sha3",
    "dashboard",
    "eth",
    "eth/downloader",
    "eth/fetcher",
    "eth/filters",
    "eth/gasprice",
    "eth/tracers",
    "eth/tracers/internal/tracers",
    "ethclient",
    "ethdb",
    "ethstats",
    "event",
    "internal/debug",
    "internal/ethapi",
    "les",
    "les/flowcontrol",
    "light",
    "log",
    "log/term",
    "metrics",
    "metrics/exp",
    "metrics/influxdb",
    "miner",
    "node",
    "p2p",
    "p2p/discover",
    "p2p/discv5",
    "p2p/nat",
    "p2p/netutil",
    "params",
    "rlp",
    "rpc",
    "trie",
    "whisper/whisperv6",
  ]
  pruneopts = ""
  revision = "89451f7c382ad2185987ee369f16416f89c28a7d"
  version = "v1.8.15"

[[projects]]
  branch = "master"
  digest = "1:083cfde034811e90c0523582ba57b56726829f3b98ffb7cd9e60fe7999539609"
  name = "github.com/fjl/memsize"
  packages = [
    ".",
    "memsizeui",
  ]
  pruneopts = ""
  revision = "f6d5545993d68e9e42df43eb57958f898dea3623"

[[projects]]
  digest = "1:2b34753b972ac3a3d6084b3a64331d2cda930a6ed1c085b88c33ae2ab3a4bb33"
  name = "github.com/frostornge/ethornge"
  packages = [
    "account",
    "gorange",
    "provider",
    "utils",
  ]
  pruneopts = ""
  revision = "4b61c8994c87c55a1b74d41cff679e40760a3a8c"

[[projects]]
  digest = "1:96c4a6ff4206086347bfe28e96e092642882128f45ecb8dc8f15f3e6f6703af0"
  name = "github.com/go-ole/go-ole"
  packages = [
    ".",
    "oleutil",
  ]
  pruneopts = ""
  revision = "a41e3c4b706f6ae8dfbff342b06e40fa4d2d0506"
  version = "v1.2.1"

[[projects]]
  digest = "1:a01080d20c45c031c13f3828c56e58f4f51d926a482ad10cc0316225097eb7ea"
  name = "github.com/go-stack/stack"
  packages = ["."]
  pruneopts = ""
  revision = "2fee6af1a9795aafbe0253a0cfbdf668e1fb8a9a"
  version = "v1.8.0"

[[projects]]
  digest = "1:3dd078fda7500c341bc26cfbc6c6a34614f295a2457149fc1045cab767cbcf18"
  name = "github.com/golang/protobuf"
  packages = [
    "proto",
    "protoc-gen-go/descriptor",
  ]
  pruneopts = ""
  revision = "aa810b61a9c79d51363740d207bb46cf8e620ed5"
  version = "v1.2.0"

[[projects]]
  branch = "master"
  digest = "1:2a5888946cdbc8aa360fd43301f9fc7869d663f60d5eedae7d4e6e5e4f06f2bf"
  name = "github.com/golang/snappy"
  packages = ["."]
  pruneopts = ""
  revision = "2e65f85255dbc3072edf28d6b5b8efc472979f5a"

[[projects]]
  digest = "1:5247b135b5492aa232a731acdcb52b08f32b874cb398f21ab460396eadbe866b"
  name = "github.com/google/uuid"
  packages = ["."]
  pruneopts = ""
  revision = "d460ce9f8df2e77fb1ba55ca87fafed96c607494"
  version = "v1.0.0"

[[projects]]
  digest = "1:3313a63031ae281e5f6fd7b0bbca733dfa04d2429df86519e3b4d4c016ccb836"
  name = "github.com/hashicorp/golang-lru"
  packages = [
    ".",
    "simplelru",
  ]
  pruneopts = ""
  revision = "20f1fb78b0740ba8c3cb143a61e86ba5c8669768"
  version = "v0.5.0"

[[projects]]
  branch = "master"
  digest = "1:b6e4cc26365c004808649862e22069de09594a9222143399a7a04904e9f7018c"
  name = "github.com/huin/goupnp"
  packages = [
    ".",
    "dcps/internetgateway1",
    "dcps/internetgateway2",
    "httpu",
    "scpd",
    "soap",
    "ssdp",
  ]
  pruneopts = ""
  revision = "1395d1447324cbea88d249fbfcfd70ea878fdfca"

[[projects]]
  digest = "1:d4c769fd293b151e176763bccf549e2139e48761e1b28a63cc00cc9499bf35bc"
  name = "github.com/influxdata/influxdb"
  packages = [
    "client",
    "models",
    "pkg/escape",
  ]
  pruneopts = ""
  revision = "7adf7f9d14ef38517d4bb19301b7f8d9a26d19dd"
  version = "v1.6.2"

[[projects]]
  digest = "1:76f836364ae83ed811c415aa92e1209ce49de9f62aad85b85fca749a8b96a110"
  name = "github.com/jackpal/go-nat-pmp"
  packages = ["."]
  pruneopts = ""
  revision = "c9cfead9f2a36ddf3daa40ba269aa7f4bbba6b62"
  version = "v1.0.1"

[[projects]]
  branch = "master"
  digest = "1:3e337b63f6eae0883036d02d035d3daf1eba94ec662ff51c28ea46b4553adc52"
  name = "github.com/karalabe/hid"
  packages = ["."]
  pruneopts = ""
  revision = "2b4488a37358b7283de4f9622553e85ebbe73125"

[[projects]]
  branch = "master"
  digest = "1:0df911437b43fc7852e57fbd5cac2fbe82ed4f5102ca0d32ac624a2f9e1511f8"
  name = "github.com/loomnetwork/mamamerkle"
  packages = ["."]
  pruneopts = ""
  revision = "a9b875ea5655423f62bd8af69c541854f72d2709"

[[projects]]
  digest = "1:9ea83adf8e96d6304f394d40436f2eb44c1dc3250d223b74088cc253a6cd0a1c"
  name = "github.com/mattn/go-colorable"
  packages = ["."]
  pruneopts = ""
  revision = "167de6bfdfba052fa6b2d3664c8f5272e23c9072"
  version = "v0.0.9"

[[projects]]
  digest = "1:3140e04675a6a91d2a20ea9d10bdadf6072085502e6def6768361260aee4b967"
  name = "github.com/mattn/go-isatty"
  packages = ["."]
  pruneopts = ""
  revision = "6ca4dbf54d38eea1a992b3c722a76a5d1c4cb25c"
  version = "v0.0.4"

[[projects]]
  branch = "master"
  digest = "1:bdbab69b21c3c0409e24b3ec53a9bdf2c2dbc3d80bbe73e8d0c8ebc47f660e3d"
  name = "github.com/mohae/deepcopy"
  packages = ["."]
  pruneopts = ""
  revision = "c48cc78d482608239f6c4c92a4abd87eb8761c90"

[[projects]]
  digest = "1:a5484d4fa43127138ae6e7b2299a6a52ae006c7f803d98d717f60abf3e97192e"
  name = "github.com/pborman/uuid"
  packages = ["."]
  pruneopts = ""
  revision = "adf5a7427709b9deb95d29d3fa8a2bf9cfd388f1"
  version = "v1.2"

[[projects]]
  digest = "1:7365acd48986e205ccb8652cc746f09c8b7876030d53710ea6ef7d0bd0dcd7ca"
  name = "github.com/pkg/errors"
  packages = ["."]
  pruneopts = ""
  revision = "645ef00459ed84a119197bfb8d8205042c6df63d"
  version = "v0.8.0"

[[projects]]
  digest = "1:256484dbbcd271f9ecebc6795b2df8cad4c458dd0f5fd82a8c2fa0c29f233411"
  name = "github.com/pmezard/go-difflib"
  packages = ["difflib"]
  pruneopts = ""
  revision = "792786c7400a136282c1664665ae0a8db921c6c2"
  version = "v1.0.0"

[[projects]]
  digest = "1:490ebdf50472123823c9f90b8aa155c5607dc61fdc56aee52104397a74ca9f02"
  name = "github.com/prometheus/prometheus"
  packages = ["util/flock"]
  pruneopts = ""
  revision = "85f23d82a045d103ea7f3c89a91fba4a93e6367a"
  version = "v2.1.0"

[[projects]]
  digest = "1:7143292549152d009ca9e9c493b74736a2ebd93f921bea8a4b308d7cc5edc6b3"
  name = "github.com/rjeczalik/notify"
  packages = ["."]
  pruneopts = ""
  revision = "0f065fa99b48b842c3fd3e2c8b194c6f2b69f6b8"
  version = "v0.9.1"

[[projects]]
  digest = "1:78c9cf43ddeacd0e472f412082227a0fac2ae107ee60e9112156f9371f9912cf"
  name = "github.com/rs/cors"
  packages = ["."]
  pruneopts = ""
  revision = "3fb1b69b103a84de38a19c3c6ec073dd6caa4d3f"
  version = "v1.5.0"

[[projects]]
  digest = "1:c587772fb8ad29ad4db67575dad25ba17a51f072ff18a22b4f0257a4d9c24f75"
  name = "github.com/stretchr/testify"
  packages = ["assert"]
  pruneopts = ""
  revision = "f35b8ab0b5a2cef36673838d662e249dd9c94686"
  version = "v1.2.2"

[[projects]]
  branch = "master"
  digest = "1:ce5194e5afac308cc34e500cab45b4ce88a0742d689e3cf7e37b607ad76bed2f"
  name = "github.com/syndtr/goleveldb"
  packages = [
    "leveldb",
    "leveldb/cache",
    "leveldb/comparer",
    "leveldb/errors",
    "leveldb/filter",
    "leveldb/iterator",
    "leveldb/journal",
    "leveldb/memdb",
    "leveldb/opt",
    "leveldb/storage",
    "leveldb/table",
    "leveldb/util",
  ]
  pruneopts = ""
  revision = "ae2bd5eed72d46b28834ec3f60db3a3ebedd8dbd"

[[projects]]
  branch = "master"
  digest = "1:61a86f0be8b466d6e3fbdabb155aaa4006137cb5e3fd3b949329d103fa0ceb0f"
  name = "golang.org/x/crypto"
  packages = [
    "pbkdf2",
    "ripemd160",
    "scrypt",
  ]
  pruneopts = ""
  revision = "0e37d006457bf46f9e6692014ba72ef82c33022c"

[[projects]]
  branch = "master"
  digest = "1:fbdbb6cf8db3278412c9425ad78b26bb8eb788181f26a3ffb3e4f216b314f86a"
  name = "golang.org/x/net"
  packages = [
    "context",
    "html",
    "html/atom",
    "html/charset",
    "internal/timeseries",
    "trace",
    "websocket",
  ]
  pruneopts = ""
  revision = "26e67e76b6c3f6ce91f7c52def5af501b4e0f3a2"

[[projects]]
  branch = "master"
  digest = "1:b2ea75de0ccb2db2ac79356407f8a4cd8f798fe15d41b381c00abf3ae8e55ed1"
  name = "golang.org/x/sync"
  packages = ["syncmap"]
  pruneopts = ""
  revision = "1d60e4601c6fd243af51cc01ddf169918a5407ca"

[[projects]]
  branch = "master"
  digest = "1:ed900376500543ca05f2a2383e1f541b4606f19cd22f34acb81b17a0b90c7f3e"
  name = "golang.org/x/sys"
  packages = [
    "cpu",
    "unix",
    "windows",
  ]
  pruneopts = ""
  revision = "d0be0721c37eeb5299f245a996a483160fc36940"

[[projects]]
  digest = "1:5acd3512b047305d49e8763eef7ba423901e85d5dd2fd1e71778a0ea8de10bd4"
  name = "golang.org/x/text"
  packages = [
    "encoding",
    "encoding/charmap",
    "encoding/htmlindex",
    "encoding/internal",
    "encoding/internal/identifier",
    "encoding/japanese",
    "encoding/korean",
    "encoding/simplifiedchinese",
    "encoding/traditionalchinese",
    "encoding/unicode",
    "internal/gen",
    "internal/tag",
    "internal/utf8internal",
    "language",
    "runes",
    "transform",
    "unicode/cldr",
  ]
  pruneopts = ""
  revision = "f21a4dfb5e38f5895301dc265a8def02365cc3d0"
  version = "v0.3.0"

[[projects]]
  branch = "master"
  digest = "1:991f4a7719ec5182d69d2e2b6ad1bcbf76e260434d392a46b27c751aa90d06f0"
  name = "golang.org/x/tools"
  packages = [
    "go/ast/astutil",
    "imports",
    "internal/fastwalk",
  ]
  pruneopts = ""
  revision = "677d2ff680c188ddb7dcd2bfa6bc7d3f2f2f75b2"

[[projects]]
  branch = "v2"
  digest = "1:a585c075875ab9c344f7840a927f09f3285563f7318e761a1d61d642316f2217"
  name = "gopkg.in/karalabe/cookiejar.v2"
  packages = ["collections/prque"]
  pruneopts = ""
  revision = "8dcd6a7f4951f6ff3ee9cbb919a06d8925822e57"

[[projects]]
  branch = "v2"
  digest = "1:4f830ee018eb8c56d0def653ad7c9a1d2a053f0cef2ac6b2200f73b98fa6a681"
  name = "gopkg.in/natefinch/npipe.v2"
  packages = ["."]
  pruneopts = ""
  revision = "c1b8fa8bdccecb0b8db834ee0b92fdbcfa606dd6"

[[projects]]
  branch = "v3"
  digest = "1:b98be293686da41d2ef405898664b5c8b8643662b1490dc95f92ad91250e56a4"
  name = "gopkg.in/olebedev/go-duktape.v3"
  packages = ["."]
  pruneopts = ""
  revision = "d53328019b21fe1987c97f368f98c072c8f44455"

[[projects]]
  digest = "1:e85837cb04b78f61688c6eba93ea9d14f60d611e2aaf8319999b1a60d2dafbfa"
  name = "gopkg.in/urfave/cli.v1"
  packages = ["."]
  pruneopts = ""
  revision = "cfb38830724cc34fedffe9a2a29fb54fa9169cd1"
  version = "v1.20.0"

[solve-meta]
  analyzer-name = "dep"
  analyzer-version = 1
  input-imports = [
    "github.com/dgraph-io/badger",
    "github.com/ethereum/go-ethereum",
    "github.com/ethereum/go-ethereum/accounts",
    "github.com/ethereum/go-ethereum/accounts/abi",
    "github.com/ethereum/go-ethereum/accounts/abi/bind",
    "github.com/ethereum/go-ethereum/accounts/keystore",
    "github.com/ethereum/go-ethereum/cmd/utils",
    "github.com/ethereum/go-ethereum/common",
    "github.com/ethereum/go-ethereum/common/fdlimit",
    "github.com/ethereum/go-ethereum/common/hexutil",
    "github.com/ethereum/go-ethereum/core",
    "github.com/ethereum/go-ethereum/core/types",
    "github.com/ethereum/go-ethereum/crypto",
    "github.com/ethereum/go-ethereum/eth",
    "github.com/ethereum/go-ethereum/ethclient",
    "github.com/ethereum/go-ethereum/event",
    "github.com/ethereum/go-ethereum/log",
    "github.com/ethereum/go-ethereum/node",
    "github.com/ethereum/go-ethereum/params",
    "github.com/frostornge/ethornge/account",
    "github.com/frostornge/ethornge/utils",
    "github.com/loomnetwork/mamamerkle",
    "github.com/pkg/errors",
    "github.com/stretchr/testify/assert",
    "gopkg.in/urfave/cli.v1",
  ]
  solver-name = "gps-cdcl"
  solver-version = 1
